
Microsoft Visual Studio Solution File, Format Version 12.00
# Visual Studio Version 16
VisualStudioVersion = 16.0.30320.27
MinimumVisualStudioVersion = 10.0.40219.1
Project("{FAE04EC0-301F-11D3-BF4B-00C04F79EFBC}") = "NLayerProject.API", "NLayerProject.API\NLayerProject.API.csproj", "{6429F67E-7A61-4139-AAA4-DDBC4032B6F6}"
EndProject
Project("{FAE04EC0-301F-11D3-BF4B-00C04F79EFBC}") = "NLayerProject.Core", "NLayerProject.Core\NLayerProject.Core.csproj", "{18F3E249-68FD-4455-912D-6B4B78D4C660}"
EndProject
Project("{FAE04EC0-301F-11D3-BF4B-00C04F79EFBC}") = "NLayerProject.Data", "NLayerProject.Data\NLayerProject.Data.csproj", "{DA025321-AB3D-4D17-A228-B5C68079DDB9}"
EndProject
Project("{FAE04EC0-301F-11D3-BF4B-00C04F79EFBC}") = "NLayerProject.Service", "NLayerProject.Service\NLayerProject.Service.csproj", "{AEE5FCA3-B7E8-46B5-A573-363405DB5F43}"
EndProject
Global
	GlobalSection(SolutionConfigurationPlatforms) = preSolution
		Debug|Any CPU = Debug|Any CPU
		Release|Any CPU = Release|Any CPU
	EndGlobalSection
	GlobalSection(ProjectConfigurationPlatforms) = postSolution
		{6429F67E-7A61-4139-AAA4-DDBC4032B6F6}.Debug|Any CPU.ActiveCfg = Debug|Any CPU
		{6429F67E-7A61-4139-AAA4-DDBC4032B6F6}.Debug|Any CPU.Build.0 = Debug|Any CPU
		{6429F67E-7A61-4139-AAA4-DDBC4032B6F6}.Release|Any CPU.ActiveCfg = Release|Any CPU
		{6429F67E-7A61-4139-AAA4-DDBC4032B6F6}.Release|Any CPU.Build.0 = Release|Any CPU
		{18F3E249-68FD-4455-912D-6B4B78D4C660}.Debug|Any CPU.ActiveCfg = Debug|Any CPU
		{18F3E249-68FD-4455-912D-6B4B78D4C660}.Debug|Any CPU.Build.0 = Debug|Any CPU
		{18F3E249-68FD-4455-912D-6B4B78D4C660}.Release|Any CPU.ActiveCfg = Release|Any CPU
		{18F3E249-68FD-4455-912D-6B4B78D4C660}.Release|Any CPU.Build.0 = Release|Any CPU
		{DA025321-AB3D-4D17-A228-B5C68079DDB9}.Debug|Any CPU.ActiveCfg = Debug|Any CPU
		{DA025321-AB3D-4D17-A228-B5C68079DDB9}.Debug|Any CPU.Build.0 = Debug|Any CPU
		{DA025321-AB3D-4D17-A228-B5C68079DDB9}.Release|Any CPU.ActiveCfg = Release|Any CPU
		{DA025321-AB3D-4D17-A228-B5C68079DDB9}.Release|Any CPU.Build.0 = Release|Any CPU
		{AEE5FCA3-B7E8-46B5-A573-363405DB5F43}.Debug|Any CPU.ActiveCfg = Debug|Any CPU
		{AEE5FCA3-B7E8-46B5-A573-363405DB5F43}.Debug|Any CPU.Build.0 = Debug|Any CPU
		{AEE5FCA3-B7E8-46B5-A573-363405DB5F43}.Release|Any CPU.ActiveCfg = Release|Any CPU
		{AEE5FCA3-B7E8-46B5-A573-363405DB5F43}.Release|Any CPU.Build.0 = Release|Any CPU
	EndGlobalSection
	GlobalSection(SolutionProperties) = preSolution
		HideSolutionNode = FALSE
	EndGlobalSection
	GlobalSection(ExtensibilityGlobals) = postSolution
		SolutionGuid = {BE2DFEFA-F03D-46B4-BCEE-849390217AC3}
	EndGlobalSection
EndGlobal
